
Microsoft Visual Studio Solution File, Format Version 12.00
# Visual Studio 15
VisualStudioVersion = 15.0.26730.8
MinimumVisualStudioVersion = 10.0.40219.1
Project("{FAE04EC0-301F-11D3-BF4B-00C04F79EFBC}") = "Game", "Game\Game.csproj", "{749AC855-ACC1-48D0-844C-426550B83B3C}"
EndProject
Global
	GlobalSection(SolutionConfigurationPlatforms) = preSolution
		Debug|Any CPU = Debug|Any CPU
		Release|Any CPU = Release|Any CPU
	EndGlobalSection
	GlobalSection(ProjectConfigurationPlatforms) = postSolution
		{749AC855-ACC1-48D0-844C-426550B83B3C}.Debug|Any CPU.ActiveCfg = Debug|Any CPU
		{749AC855-ACC1-48D0-844C-426550B83B3C}.Debug|Any CPU.Build.0 = Debug|Any CPU
		{749AC855-ACC1-48D0-844C-426550B83B3C}.Release|Any CPU.ActiveCfg = Release|Any CPU
		{749AC855-ACC1-48D0-844C-426550B83B3C}.Release|Any CPU.Build.0 = Release|Any CPU
	EndGlobalSection
	GlobalSection(SolutionProperties) = preSolution
		HideSolutionNode = FALSE
	EndGlobalSection
	GlobalSection(ExtensibilityGlobals) = postSolution
		SolutionGuid = {BCA41F8F-58D9-455E-AE9A-C663A451CA59}
	EndGlobalSection
EndGlobal
